// !$*UTF8*$!
{
	archiveVersion = 1;
	classes = {
	};
	objectVersion = 55;
	objects = {

/* Begin PBXBuildFile section */
		7415A4C12810160F007D8538 /* MatchListRow.swift in Sources */ = {isa = PBXBuildFile; fileRef = 7415A4C02810160F007D8538 /* MatchListRow.swift */; };
		7415A4C3281017FE007D8538 /* MatchList.swift in Sources */ = {isa = PBXBuildFile; fileRef = 7415A4C2281017FE007D8538 /* MatchList.swift */; };
		742B5A1D28167B0B003BE6B7 /* FavoriteCharacters.swift in Sources */ = {isa = PBXBuildFile; fileRef = 742B5A1C28167B0B003BE6B7 /* FavoriteCharacters.swift */; };
		74354E5A280E661000D8B642 /* UserMatchViewModel.swift in Sources */ = {isa = PBXBuildFile; fileRef = 74354E59280E661000D8B642 /* UserMatchViewModel.swift */; };
		746475CE2810F4C9005833AA /* FavoriteCharacterScrollView.swift in Sources */ = {isa = PBXBuildFile; fileRef = 746475CD2810F4C9005833AA /* FavoriteCharacterScrollView.swift */; };
		74877BCF280EA308009A7140 /* MatchDetailView.swift in Sources */ = {isa = PBXBuildFile; fileRef = 74877BCE280EA308009A7140 /* MatchDetailView.swift */; };
		749BE2CF280D26C00060FB61 /* findCyphers_SwiftUIApp.swift in Sources */ = {isa = PBXBuildFile; fileRef = 749BE2CE280D26C00060FB61 /* findCyphers_SwiftUIApp.swift */; };
		749BE2D1280D26C00060FB61 /* Home.swift in Sources */ = {isa = PBXBuildFile; fileRef = 749BE2D0280D26C00060FB61 /* Home.swift */; };
		749BE2D3280D26C00060FB61 /* Assets.xcassets in Resources */ = {isa = PBXBuildFile; fileRef = 749BE2D2280D26C00060FB61 /* Assets.xcassets */; };
		749BE2D6280D26C00060FB61 /* Preview Assets.xcassets in Resources */ = {isa = PBXBuildFile; fileRef = 749BE2D5280D26C00060FB61 /* Preview Assets.xcassets */; };
		749BE2E2280D288D0060FB61 /* PlayerInfo.swift in Sources */ = {isa = PBXBuildFile; fileRef = 749BE2E1280D288D0060FB61 /* PlayerInfo.swift */; };
		749BE2E5280D28A10060FB61 /* URL.swift in Sources */ = {isa = PBXBuildFile; fileRef = 749BE2E4280D28A10060FB61 /* URL.swift */; };
		749BE2F4280D47430060FB61 /* ColorExtension.swift in Sources */ = {isa = PBXBuildFile; fileRef = 749BE2F3280D47430060FB61 /* ColorExtension.swift */; };
		749BE2F8280D54CB0060FB61 /* MyAlamofireManager.swift in Sources */ = {isa = PBXBuildFile; fileRef = 749BE2F7280D54CB0060FB61 /* MyAlamofireManager.swift */; };
		749BE2FA280D555D0060FB61 /* MyLogger.swift in Sources */ = {isa = PBXBuildFile; fileRef = 749BE2F9280D555D0060FB61 /* MyLogger.swift */; };
		749BE2FC280D55790060FB61 /* MyAPIStatusLogger.swift in Sources */ = {isa = PBXBuildFile; fileRef = 749BE2FB280D55790060FB61 /* MyAPIStatusLogger.swift */; };
		749BE2FE280D55920060FB61 /* BaseInterceptor.swift in Sources */ = {isa = PBXBuildFile; fileRef = 749BE2FD280D55920060FB61 /* BaseInterceptor.swift */; };
		749BE300280D55A90060FB61 /* MySearchRouter.swift in Sources */ = {isa = PBXBuildFile; fileRef = 749BE2FF280D55A90060FB61 /* MySearchRouter.swift */; };
		749BE302280D55C90060FB61 /* MyError.swift in Sources */ = {isa = PBXBuildFile; fileRef = 749BE301280D55C90060FB61 /* MyError.swift */; };
		74A085B72818389A00112E5C /* Hitmap.swift in Sources */ = {isa = PBXBuildFile; fileRef = 74A085B62818389A00112E5C /* Hitmap.swift */; };
		74D70091280FD5E100243CF2 /* mainTabView.swift in Sources */ = {isa = PBXBuildFile; fileRef = 74D70090280FD5E100243CF2 /* mainTabView.swift */; };
		74D70093280FDADD00243CF2 /* Character.swift in Sources */ = {isa = PBXBuildFile; fileRef = 74D70092280FDADD00243CF2 /* Character.swift */; };
		74D70096280FDC8700243CF2 /* CharacterInfoRow.swift in Sources */ = {isa = PBXBuildFile; fileRef = 74D70095280FDC8700243CF2 /* CharacterInfoRow.swift */; };
		74D70098280FDFB900243CF2 /* CharacterViewModel.swift in Sources */ = {isa = PBXBuildFile; fileRef = 74D70097280FDFB900243CF2 /* CharacterViewModel.swift */; };
		74D7009A280FEE8600243CF2 /* FavoriteButton.swift in Sources */ = {isa = PBXBuildFile; fileRef = 74D70099280FEE8600243CF2 /* FavoriteButton.swift */; };
		74D7009C280FF3FE00243CF2 /* CharacterInfoList.swift in Sources */ = {isa = PBXBuildFile; fileRef = 74D7009B280FF3FE00243CF2 /* CharacterInfoList.swift */; };
		74D7009E280FF55600243CF2 /* DetailCharacterInfo.swift in Sources */ = {isa = PBXBuildFile; fileRef = 74D7009D280FF55600243CF2 /* DetailCharacterInfo.swift */; };
		A4115BBE6FCC255650537BC7 /* Pods_findCyphers_SwiftUI.framework in Frameworks */ = {isa = PBXBuildFile; fileRef = FBB293CA9E2C2438A9A021E9 /* Pods_findCyphers_SwiftUI.framework */; };
/* End PBXBuildFile section */

/* Begin PBXFileReference section */
		7415A4C02810160F007D8538 /* MatchListRow.swift */ = {isa = PBXFileReference; lastKnownFileType = sourcecode.swift; path = MatchListRow.swift; sourceTree = "<group>"; };
		7415A4C2281017FE007D8538 /* MatchList.swift */ = {isa = PBXFileReference; lastKnownFileType = sourcecode.swift; path = MatchList.swift; sourceTree = "<group>"; };
		742B5A1C28167B0B003BE6B7 /* FavoriteCharacters.swift */ = {isa = PBXFileReference; lastKnownFileType = sourcecode.swift; path = FavoriteCharacters.swift; sourceTree = "<group>"; };
		74354E59280E661000D8B642 /* UserMatchViewModel.swift */ = {isa = PBXFileReference; lastKnownFileType = sourcecode.swift; path = UserMatchViewModel.swift; sourceTree = "<group>"; };
		74354E5D280E718700D8B642 /* findCyphers-SwiftUI-Info.plist */ = {isa = PBXFileReference; lastKnownFileType = text.plist; path = "findCyphers-SwiftUI-Info.plist"; sourceTree = SOURCE_ROOT; };
		746475CD2810F4C9005833AA /* FavoriteCharacterScrollView.swift */ = {isa = PBXFileReference; lastKnownFileType = sourcecode.swift; path = FavoriteCharacterScrollView.swift; sourceTree = "<group>"; };
		74877BCE280EA308009A7140 /* MatchDetailView.swift */ = {isa = PBXFileReference; lastKnownFileType = sourcecode.swift; path = MatchDetailView.swift; sourceTree = "<group>"; };
		749BE2CB280D26C00060FB61 /* findCyphers_SwiftUI.app */ = {isa = PBXFileReference; explicitFileType = wrapper.application; includeInIndex = 0; path = findCyphers_SwiftUI.app; sourceTree = BUILT_PRODUCTS_DIR; };
		749BE2CE280D26C00060FB61 /* findCyphers_SwiftUIApp.swift */ = {isa = PBXFileReference; lastKnownFileType = sourcecode.swift; path = findCyphers_SwiftUIApp.swift; sourceTree = "<group>"; };
		749BE2D0280D26C00060FB61 /* Home.swift */ = {isa = PBXFileReference; lastKnownFileType = sourcecode.swift; path = Home.swift; sourceTree = "<group>"; };
		749BE2D2280D26C00060FB61 /* Assets.xcassets */ = {isa = PBXFileReference; lastKnownFileType = folder.assetcatalog; path = Assets.xcassets; sourceTree = "<group>"; };
		749BE2D5280D26C00060FB61 /* Preview Assets.xcassets */ = {isa = PBXFileReference; lastKnownFileType = folder.assetcatalog; path = "Preview Assets.xcassets"; sourceTree = "<group>"; };
		749BE2E1280D288D0060FB61 /* PlayerInfo.swift */ = {isa = PBXFileReference; lastKnownFileType = sourcecode.swift; path = PlayerInfo.swift; sourceTree = "<group>"; };
		749BE2E4280D28A10060FB61 /* URL.swift */ = {isa = PBXFileReference; lastKnownFileType = sourcecode.swift; path = URL.swift; sourceTree = "<group>"; };
		749BE2F3280D47430060FB61 /* ColorExtension.swift */ = {isa = PBXFileReference; lastKnownFileType = sourcecode.swift; path = ColorExtension.swift; sourceTree = "<group>"; };
		749BE2F7280D54CB0060FB61 /* MyAlamofireManager.swift */ = {isa = PBXFileReference; lastKnownFileType = sourcecode.swift; path = MyAlamofireManager.swift; sourceTree = "<group>"; };
		749BE2F9280D555D0060FB61 /* MyLogger.swift */ = {isa = PBXFileReference; lastKnownFileType = sourcecode.swift; path = MyLogger.swift; sourceTree = "<group>"; };
		749BE2FB280D55790060FB61 /* MyAPIStatusLogger.swift */ = {isa = PBXFileReference; lastKnownFileType = sourcecode.swift; path = MyAPIStatusLogger.swift; sourceTree = "<group>"; };
		749BE2FD280D55920060FB61 /* BaseInterceptor.swift */ = {isa = PBXFileReference; lastKnownFileType = sourcecode.swift; path = BaseInterceptor.swift; sourceTree = "<group>"; };
		749BE2FF280D55A90060FB61 /* MySearchRouter.swift */ = {isa = PBXFileReference; lastKnownFileType = sourcecode.swift; path = MySearchRouter.swift; sourceTree = "<group>"; };
		749BE301280D55C90060FB61 /* MyError.swift */ = {isa = PBXFileReference; lastKnownFileType = sourcecode.swift; path = MyError.swift; sourceTree = "<group>"; };
		74A085B62818389A00112E5C /* Hitmap.swift */ = {isa = PBXFileReference; lastKnownFileType = sourcecode.swift; path = Hitmap.swift; sourceTree = "<group>"; };
		74D70090280FD5E100243CF2 /* mainTabView.swift */ = {isa = PBXFileReference; lastKnownFileType = sourcecode.swift; path = mainTabView.swift; sourceTree = "<group>"; };
		74D70092280FDADD00243CF2 /* Character.swift */ = {isa = PBXFileReference; lastKnownFileType = sourcecode.swift; path = Character.swift; sourceTree = "<group>"; };
		74D70095280FDC8700243CF2 /* CharacterInfoRow.swift */ = {isa = PBXFileReference; lastKnownFileType = sourcecode.swift; path = CharacterInfoRow.swift; sourceTree = "<group>"; };
		74D70097280FDFB900243CF2 /* CharacterViewModel.swift */ = {isa = PBXFileReference; lastKnownFileType = sourcecode.swift; path = CharacterViewModel.swift; sourceTree = "<group>"; };
		74D70099280FEE8600243CF2 /* FavoriteButton.swift */ = {isa = PBXFileReference; lastKnownFileType = sourcecode.swift; path = FavoriteButton.swift; sourceTree = "<group>"; };
		74D7009B280FF3FE00243CF2 /* CharacterInfoList.swift */ = {isa = PBXFileReference; lastKnownFileType = sourcecode.swift; path = CharacterInfoList.swift; sourceTree = "<group>"; };
		74D7009D280FF55600243CF2 /* DetailCharacterInfo.swift */ = {isa = PBXFileReference; lastKnownFileType = sourcecode.swift; path = DetailCharacterInfo.swift; sourceTree = "<group>"; };
		8A756CD7764F38832A77AB4E /* Pods-findCyphers_SwiftUI.release.xcconfig */ = {isa = PBXFileReference; includeInIndex = 1; lastKnownFileType = text.xcconfig; name = "Pods-findCyphers_SwiftUI.release.xcconfig"; path = "Target Support Files/Pods-findCyphers_SwiftUI/Pods-findCyphers_SwiftUI.release.xcconfig"; sourceTree = "<group>"; };
		DD76EF7B814C663EADBD9408 /* Pods-findCyphers_SwiftUI.debug.xcconfig */ = {isa = PBXFileReference; includeInIndex = 1; lastKnownFileType = text.xcconfig; name = "Pods-findCyphers_SwiftUI.debug.xcconfig"; path = "Target Support Files/Pods-findCyphers_SwiftUI/Pods-findCyphers_SwiftUI.debug.xcconfig"; sourceTree = "<group>"; };
		FBB293CA9E2C2438A9A021E9 /* Pods_findCyphers_SwiftUI.framework */ = {isa = PBXFileReference; explicitFileType = wrapper.framework; includeInIndex = 0; path = Pods_findCyphers_SwiftUI.framework; sourceTree = BUILT_PRODUCTS_DIR; };
/* End PBXFileReference section */

/* Begin PBXFrameworksBuildPhase section */
		749BE2C8280D26C00060FB61 /* Frameworks */ = {
			isa = PBXFrameworksBuildPhase;
			buildActionMask = 2147483647;
			files = (
				A4115BBE6FCC255650537BC7 /* Pods_findCyphers_SwiftUI.framework in Frameworks */,
			);
			runOnlyForDeploymentPostprocessing = 0;
		};
/* End PBXFrameworksBuildPhase section */

/* Begin PBXGroup section */
		0486A5465B222A1902ABA55C /* Frameworks */ = {
			isa = PBXGroup;
			children = (
				FBB293CA9E2C2438A9A021E9 /* Pods_findCyphers_SwiftUI.framework */,
			);
			name = Frameworks;
			sourceTree = "<group>";
		};
		6F4A2E4419AC9AB6A40577A9 /* Pods */ = {
			isa = PBXGroup;
			children = (
				DD76EF7B814C663EADBD9408 /* Pods-findCyphers_SwiftUI.debug.xcconfig */,
				8A756CD7764F38832A77AB4E /* Pods-findCyphers_SwiftUI.release.xcconfig */,
			);
			path = Pods;
			sourceTree = "<group>";
		};
		749BE2C2280D26C00060FB61 = {
			isa = PBXGroup;
			children = (
				749BE2CD280D26C00060FB61 /* findCyphers_SwiftUI */,
				749BE2CC280D26C00060FB61 /* Products */,
				6F4A2E4419AC9AB6A40577A9 /* Pods */,
				0486A5465B222A1902ABA55C /* Frameworks */,
			);
			sourceTree = "<group>";
		};
		749BE2CC280D26C00060FB61 /* Products */ = {
			isa = PBXGroup;
			children = (
				749BE2CB280D26C00060FB61 /* findCyphers_SwiftUI.app */,
			);
			name = Products;
			sourceTree = "<group>";
		};
		749BE2CD280D26C00060FB61 /* findCyphers_SwiftUI */ = {
			isa = PBXGroup;
			children = (
				74354E5D280E718700D8B642 /* findCyphers-SwiftUI-Info.plist */,
				749BE2F5280D549F0060FB61 /* Network */,
				749BE2E6280D31560060FB61 /* UserInterface */,
				749BE2DE280D275C0060FB61 /* Model */,
				749BE2DC280D27150060FB61 /* Source */,
				749BE2DD280D27220060FB61 /* Application */,
				749BE2D2280D26C00060FB61 /* Assets.xcassets */,
				749BE2D4280D26C00060FB61 /* Preview Content */,
			);
			path = findCyphers_SwiftUI;
			sourceTree = "<group>";
		};
		749BE2D4280D26C00060FB61 /* Preview Content */ = {
			isa = PBXGroup;
			children = (
				749BE2D5280D26C00060FB61 /* Preview Assets.xcassets */,
			);
			path = "Preview Content";
			sourceTree = "<group>";
		};
		749BE2DC280D27150060FB61 /* Source */ = {
			isa = PBXGroup;
			children = (
				74D7008F280FD3AC00243CF2 /* SearchUser */,
				74D70094280FDC6E00243CF2 /* CharacterInfo */,
				749BE2D0280D26C00060FB61 /* Home.swift */,
				74D70090280FD5E100243CF2 /* mainTabView.swift */,
				74D70099280FEE8600243CF2 /* FavoriteButton.swift */,
			);
			path = Source;
			sourceTree = "<group>";
		};
		749BE2DD280D27220060FB61 /* Application */ = {
			isa = PBXGroup;
			children = (
				749BE2CE280D26C00060FB61 /* findCyphers_SwiftUIApp.swift */,
			);
			path = Application;
			sourceTree = "<group>";
		};
		749BE2DE280D275C0060FB61 /* Model */ = {
			isa = PBXGroup;
			children = (
				749BE2E1280D288D0060FB61 /* PlayerInfo.swift */,
				74D70092280FDADD00243CF2 /* Character.swift */,
				742B5A1C28167B0B003BE6B7 /* FavoriteCharacters.swift */,
				749BE2E4280D28A10060FB61 /* URL.swift */,
				749BE301280D55C90060FB61 /* MyError.swift */,
				74354E59280E661000D8B642 /* UserMatchViewModel.swift */,
				74D70097280FDFB900243CF2 /* CharacterViewModel.swift */,
			);
			path = Model;
			sourceTree = "<group>";
		};
		749BE2E6280D31560060FB61 /* UserInterface */ = {
			isa = PBXGroup;
			children = (
				749BE2F2280D47210060FB61 /* CustomStyle */,
			);
			path = UserInterface;
			sourceTree = "<group>";
		};
		749BE2F2280D47210060FB61 /* CustomStyle */ = {
			isa = PBXGroup;
			children = (
				749BE2F3280D47430060FB61 /* ColorExtension.swift */,
			);
			path = CustomStyle;
			sourceTree = "<group>";
		};
		749BE2F5280D549F0060FB61 /* Network */ = {
			isa = PBXGroup;
			children = (
				749BE2F7280D54CB0060FB61 /* MyAlamofireManager.swift */,
				749BE2F9280D555D0060FB61 /* MyLogger.swift */,
				749BE2FB280D55790060FB61 /* MyAPIStatusLogger.swift */,
				749BE2FD280D55920060FB61 /* BaseInterceptor.swift */,
				749BE2FF280D55A90060FB61 /* MySearchRouter.swift */,
			);
			path = Network;
			sourceTree = "<group>";
		};
		74D7008F280FD3AC00243CF2 /* SearchUser */ = {
			isa = PBXGroup;
			children = (
				7415A4C2281017FE007D8538 /* MatchList.swift */,
				7415A4C02810160F007D8538 /* MatchListRow.swift */,
				74877BCE280EA308009A7140 /* MatchDetailView.swift */,
				74A085B62818389A00112E5C /* Hitmap.swift */,
			);
			path = SearchUser;
			sourceTree = "<group>";
		};
		74D70094280FDC6E00243CF2 /* CharacterInfo */ = {
			isa = PBXGroup;
			children = (
				74D7009B280FF3FE00243CF2 /* CharacterInfoList.swift */,
				74D70095280FDC8700243CF2 /* CharacterInfoRow.swift */,
				74D7009D280FF55600243CF2 /* DetailCharacterInfo.swift */,
				746475CD2810F4C9005833AA /* FavoriteCharacterScrollView.swift */,
			);
			path = CharacterInfo;
			sourceTree = "<group>";
		};
/* End PBXGroup section */

/* Begin PBXNativeTarget section */
		749BE2CA280D26C00060FB61 /* findCyphers_SwiftUI */ = {
			isa = PBXNativeTarget;
			buildConfigurationList = 749BE2D9280D26C00060FB61 /* Build configuration list for PBXNativeTarget "findCyphers_SwiftUI" */;
			buildPhases = (
				7162C8A351034F2EAF87421B /* [CP] Check Pods Manifest.lock */,
				749BE2C7280D26C00060FB61 /* Sources */,
				749BE2C8280D26C00060FB61 /* Frameworks */,
				749BE2C9280D26C00060FB61 /* Resources */,
				523868B76BB6B6E2D351BEC4 /* [CP] Embed Pods Frameworks */,
			);
			buildRules = (
			);
			dependencies = (
			);
			name = findCyphers_SwiftUI;
			productName = findCyphers_SwiftUI;
			productReference = 749BE2CB280D26C00060FB61 /* findCyphers_SwiftUI.app */;
			productType = "com.apple.product-type.application";
		};
/* End PBXNativeTarget section */

/* Begin PBXProject section */
		749BE2C3280D26C00060FB61 /* Project object */ = {
			isa = PBXProject;
			attributes = {
				BuildIndependentTargetsInParallel = 1;
				LastSwiftUpdateCheck = 1330;
				LastUpgradeCheck = 1330;
				TargetAttributes = {
					749BE2CA280D26C00060FB61 = {
						CreatedOnToolsVersion = 13.3.1;
					};
				};
			};
			buildConfigurationList = 749BE2C6280D26C00060FB61 /* Build configuration list for PBXProject "findCyphers_SwiftUI" */;
			compatibilityVersion = "Xcode 13.0";
			developmentRegion = en;
			hasScannedForEncodings = 0;
			knownRegions = (
				en,
				Base,
			);
			mainGroup = 749BE2C2280D26C00060FB61;
			productRefGroup = 749BE2CC280D26C00060FB61 /* Products */;
			projectDirPath = "";
			projectRoot = "";
			targets = (
				749BE2CA280D26C00060FB61 /* findCyphers_SwiftUI */,
			);
		};
/* End PBXProject section */

/* Begin PBXResourcesBuildPhase section */
		749BE2C9280D26C00060FB61 /* Resources */ = {
			isa = PBXResourcesBuildPhase;
			buildActionMask = 2147483647;
			files = (
				749BE2D6280D26C00060FB61 /* Preview Assets.xcassets in Resources */,
				749BE2D3280D26C00060FB61 /* Assets.xcassets in Resources */,
			);
			runOnlyForDeploymentPostprocessing = 0;
		};
/* End PBXResourcesBuildPhase section */

/* Begin PBXShellScriptBuildPhase section */
		523868B76BB6B6E2D351BEC4 /* [CP] Embed Pods Frameworks */ = {
			isa = PBXShellScriptBuildPhase;
			buildActionMask = 2147483647;
			files = (
			);
			inputFileListPaths = (
				"${PODS_ROOT}/Target Support Files/Pods-findCyphers_SwiftUI/Pods-findCyphers_SwiftUI-frameworks-${CONFIGURATION}-input-files.xcfilelist",
			);
			name = "[CP] Embed Pods Frameworks";
			outputFileListPaths = (
				"${PODS_ROOT}/Target Support Files/Pods-findCyphers_SwiftUI/Pods-findCyphers_SwiftUI-frameworks-${CONFIGURATION}-output-files.xcfilelist",
			);
			runOnlyForDeploymentPostprocessing = 0;
			shellPath = /bin/sh;
			shellScript = "\"${PODS_ROOT}/Target Support Files/Pods-findCyphers_SwiftUI/Pods-findCyphers_SwiftUI-frameworks.sh\"\n";
			showEnvVarsInLog = 0;
		};
		7162C8A351034F2EAF87421B /* [CP] Check Pods Manifest.lock */ = {
			isa = PBXShellScriptBuildPhase;
			buildActionMask = 2147483647;
			files = (
			);
			inputFileListPaths = (
			);
			inputPaths = (
				"${PODS_PODFILE_DIR_PATH}/Podfile.lock",
				"${PODS_ROOT}/Manifest.lock",
			);
			name = "[CP] Check Pods Manifest.lock";
			outputFileListPaths = (
			);
			outputPaths = (
				"$(DERIVED_FILE_DIR)/Pods-findCyphers_SwiftUI-checkManifestLockResult.txt",
			);
			runOnlyForDeploymentPostprocessing = 0;
			shellPath = /bin/sh;
			shellScript = "diff \"${PODS_PODFILE_DIR_PATH}/Podfile.lock\" \"${PODS_ROOT}/Manifest.lock\" > /dev/null\nif [ $? != 0 ] ; then\n    # print error to STDERR\n    echo \"error: The sandbox is not in sync with the Podfile.lock. Run 'pod install' or update your CocoaPods installation.\" >&2\n    exit 1\nfi\n# This output is used by Xcode 'outputs' to avoid re-running this script phase.\necho \"SUCCESS\" > \"${SCRIPT_OUTPUT_FILE_0}\"\n";
			showEnvVarsInLog = 0;
		};
/* End PBXShellScriptBuildPhase section */

/* Begin PBXSourcesBuildPhase section */
		749BE2C7280D26C00060FB61 /* Sources */ = {
			isa = PBXSourcesBuildPhase;
			buildActionMask = 2147483647;
			files = (
				749BE302280D55C90060FB61 /* MyError.swift in Sources */,
				74D7009A280FEE8600243CF2 /* FavoriteButton.swift in Sources */,
				749BE2E5280D28A10060FB61 /* URL.swift in Sources */,
				74D70091280FD5E100243CF2 /* mainTabView.swift in Sources */,
				74D7009E280FF55600243CF2 /* DetailCharacterInfo.swift in Sources */,
				749BE300280D55A90060FB61 /* MySearchRouter.swift in Sources */,
				74A085B72818389A00112E5C /* Hitmap.swift in Sources */,
				7415A4C12810160F007D8538 /* MatchListRow.swift in Sources */,
				749BE2E2280D288D0060FB61 /* PlayerInfo.swift in Sources */,
				749BE2F4280D47430060FB61 /* ColorExtension.swift in Sources */,
				74877BCF280EA308009A7140 /* MatchDetailView.swift in Sources */,
				749BE2D1280D26C00060FB61 /* Home.swift in Sources */,
				74D70098280FDFB900243CF2 /* CharacterViewModel.swift in Sources */,
				74D70096280FDC8700243CF2 /* CharacterInfoRow.swift in Sources */,
				749BE2FC280D55790060FB61 /* MyAPIStatusLogger.swift in Sources */,
				749BE2FE280D55920060FB61 /* BaseInterceptor.swift in Sources */,
				74354E5A280E661000D8B642 /* UserMatchViewModel.swift in Sources */,
				749BE2F8280D54CB0060FB61 /* MyAlamofireManager.swift in Sources */,
				746475CE2810F4C9005833AA /* FavoriteCharacterScrollView.swift in Sources */,
				749BE2CF280D26C00060FB61 /* findCyphers_SwiftUIApp.swift in Sources */,
				742B5A1D28167B0B003BE6B7 /* FavoriteCharacters.swift in Sources */,
				74D70093280FDADD00243CF2 /* Character.swift in Sources */,
				749BE2FA280D555D0060FB61 /* MyLogger.swift in Sources */,
				74D7009C280FF3FE00243CF2 /* CharacterInfoList.swift in Sources */,
				7415A4C3281017FE007D8538 /* MatchList.swift in Sources */,
			);
			runOnlyForDeploymentPostprocessing = 0;
		};
/* End PBXSourcesBuildPhase section */

/* Begin XCBuildConfiguration section */
		749BE2D7280D26C00060FB61 /* Debug */ = {
			isa = XCBuildConfiguration;
			buildSettings = {
				ALWAYS_SEARCH_USER_PATHS = NO;
				CLANG_ANALYZER_NONNULL = YES;
				CLANG_ANALYZER_NUMBER_OBJECT_CONVERSION = YES_AGGRESSIVE;
				CLANG_CXX_LANGUAGE_STANDARD = "gnu++17";
				CLANG_ENABLE_MODULES = YES;
				CLANG_ENABLE_OBJC_ARC = YES;
				CLANG_ENABLE_OBJC_WEAK = YES;
				CLANG_WARN_BLOCK_CAPTURE_AUTORELEASING = YES;
				CLANG_WARN_BOOL_CONVERSION = YES;
				CLANG_WARN_COMMA = YES;
				CLANG_WARN_CONSTANT_CONVERSION = YES;
				CLANG_WARN_DEPRECATED_OBJC_IMPLEMENTATIONS = YES;
				CLANG_WARN_DIRECT_OBJC_ISA_USAGE = YES_ERROR;
				CLANG_WARN_DOCUMENTATION_COMMENTS = YES;
				CLANG_WARN_EMPTY_BODY = YES;
				CLANG_WARN_ENUM_CONVERSION = YES;
				CLANG_WARN_INFINITE_RECURSION = YES;
				CLANG_WARN_INT_CONVERSION = YES;
				CLANG_WARN_NON_LITERAL_NULL_CONVERSION = YES;
				CLANG_WARN_OBJC_IMPLICIT_RETAIN_SELF = YES;
				CLANG_WARN_OBJC_LITERAL_CONVERSION = YES;
				CLANG_WARN_OBJC_ROOT_CLASS = YES_ERROR;
				CLANG_WARN_QUOTED_INCLUDE_IN_FRAMEWORK_HEADER = YES;
				CLANG_WARN_RANGE_LOOP_ANALYSIS = YES;
				CLANG_WARN_STRICT_PROTOTYPES = YES;
				CLANG_WARN_SUSPICIOUS_MOVE = YES;
				CLANG_WARN_UNGUARDED_AVAILABILITY = YES_AGGRESSIVE;
				CLANG_WARN_UNREACHABLE_CODE = YES;
				CLANG_WARN__DUPLICATE_METHOD_MATCH = YES;
				COPY_PHASE_STRIP = NO;
				DEBUG_INFORMATION_FORMAT = dwarf;
				ENABLE_STRICT_OBJC_MSGSEND = YES;
				ENABLE_TESTABILITY = YES;
				GCC_C_LANGUAGE_STANDARD = gnu11;
				GCC_DYNAMIC_NO_PIC = NO;
				GCC_NO_COMMON_BLOCKS = YES;
				GCC_OPTIMIZATION_LEVEL = 0;
				GCC_PREPROCESSOR_DEFINITIONS = (
					"DEBUG=1",
					"$(inherited)",
				);
				GCC_WARN_64_TO_32_BIT_CONVERSION = YES;
				GCC_WARN_ABOUT_RETURN_TYPE = YES_ERROR;
				GCC_WARN_UNDECLARED_SELECTOR = YES;
				GCC_WARN_UNINITIALIZED_AUTOS = YES_AGGRESSIVE;
				GCC_WARN_UNUSED_FUNCTION = YES;
				GCC_WARN_UNUSED_VARIABLE = YES;
				IPHONEOS_DEPLOYMENT_TARGET = 15.4;
				MTL_ENABLE_DEBUG_INFO = INCLUDE_SOURCE;
				MTL_FAST_MATH = YES;
				ONLY_ACTIVE_ARCH = YES;
				SDKROOT = iphoneos;
				SWIFT_ACTIVE_COMPILATION_CONDITIONS = DEBUG;
				SWIFT_OPTIMIZATION_LEVEL = "-Onone";
			};
			name = Debug;
		};
		749BE2D8280D26C00060FB61 /* Release */ = {
			isa = XCBuildConfiguration;
			buildSettings = {
				ALWAYS_SEARCH_USER_PATHS = NO;
				CLANG_ANALYZER_NONNULL = YES;
				CLANG_ANALYZER_NUMBER_OBJECT_CONVERSION = YES_AGGRESSIVE;
				CLANG_CXX_LANGUAGE_STANDARD = "gnu++17";
				CLANG_ENABLE_MODULES = YES;
				CLANG_ENABLE_OBJC_ARC = YES;
				CLANG_ENABLE_OBJC_WEAK = YES;
				CLANG_WARN_BLOCK_CAPTURE_AUTORELEASING = YES;
				CLANG_WARN_BOOL_CONVERSION = YES;
				CLANG_WARN_COMMA = YES;
				CLANG_WARN_CONSTANT_CONVERSION = YES;
				CLANG_WARN_DEPRECATED_OBJC_IMPLEMENTATIONS = YES;
				CLANG_WARN_DIRECT_OBJC_ISA_USAGE = YES_ERROR;
				CLANG_WARN_DOCUMENTATION_COMMENTS = YES;
				CLANG_WARN_EMPTY_BODY = YES;
				CLANG_WARN_ENUM_CONVERSION = YES;
				CLANG_WARN_INFINITE_RECURSION = YES;
				CLANG_WARN_INT_CONVERSION = YES;
				CLANG_WARN_NON_LITERAL_NULL_CONVERSION = YES;
				CLANG_WARN_OBJC_IMPLICIT_RETAIN_SELF = YES;
				CLANG_WARN_OBJC_LITERAL_CONVERSION = YES;
				CLANG_WARN_OBJC_ROOT_CLASS = YES_ERROR;
				CLANG_WARN_QUOTED_INCLUDE_IN_FRAMEWORK_HEADER = YES;
				CLANG_WARN_RANGE_LOOP_ANALYSIS = YES;
				CLANG_WARN_STRICT_PROTOTYPES = YES;
				CLANG_WARN_SUSPICIOUS_MOVE = YES;
				CLANG_WARN_UNGUARDED_AVAILABILITY = YES_AGGRESSIVE;
				CLANG_WARN_UNREACHABLE_CODE = YES;
				CLANG_WARN__DUPLICATE_METHOD_MATCH = YES;
				COPY_PHASE_STRIP = NO;
				DEBUG_INFORMATION_FORMAT = "dwarf-with-dsym";
				ENABLE_NS_ASSERTIONS = NO;
				ENABLE_STRICT_OBJC_MSGSEND = YES;
				GCC_C_LANGUAGE_STANDARD = gnu11;
				GCC_NO_COMMON_BLOCKS = YES;
				GCC_WARN_64_TO_32_BIT_CONVERSION = YES;
				GCC_WARN_ABOUT_RETURN_TYPE = YES_ERROR;
				GCC_WARN_UNDECLARED_SELECTOR = YES;
				GCC_WARN_UNINITIALIZED_AUTOS = YES_AGGRESSIVE;
				GCC_WARN_UNUSED_FUNCTION = YES;
				GCC_WARN_UNUSED_VARIABLE = YES;
				IPHONEOS_DEPLOYMENT_TARGET = 15.4;
				MTL_ENABLE_DEBUG_INFO = NO;
				MTL_FAST_MATH = YES;
				SDKROOT = iphoneos;
				SWIFT_COMPILATION_MODE = wholemodule;
				SWIFT_OPTIMIZATION_LEVEL = "-O";
				VALIDATE_PRODUCT = YES;
			};
			name = Release;
		};
		749BE2DA280D26C00060FB61 /* Debug */ = {
			isa = XCBuildConfiguration;
			baseConfigurationReference = DD76EF7B814C663EADBD9408 /* Pods-findCyphers_SwiftUI.debug.xcconfig */;
			buildSettings = {
				ASSETCATALOG_COMPILER_APPICON_NAME = AppIcon;
				ASSETCATALOG_COMPILER_GLOBAL_ACCENT_COLOR_NAME = AccentColor;
				CODE_SIGN_STYLE = Automatic;
				CURRENT_PROJECT_VERSION = 1;
				DEVELOPMENT_ASSET_PATHS = "\"findCyphers_SwiftUI/Preview Content\"";
				DEVELOPMENT_TEAM = H4MSW7FUBB;
				ENABLE_PREVIEWS = YES;
				GENERATE_INFOPLIST_FILE = YES;
				INFOPLIST_FILE = "findCyphers-SwiftUI-Info.plist";
				INFOPLIST_KEY_UIApplicationSceneManifest_Generation = YES;
				INFOPLIST_KEY_UIApplicationSupportsIndirectInputEvents = YES;
				INFOPLIST_KEY_UILaunchScreen_Generation = YES;
				INFOPLIST_KEY_UISupportedInterfaceOrientations_iPad = "UIInterfaceOrientationPortrait UIInterfaceOrientationPortraitUpsideDown UIInterfaceOrientationLandscapeLeft UIInterfaceOrientationLandscapeRight";
				INFOPLIST_KEY_UISupportedInterfaceOrientations_iPhone = "UIInterfaceOrientationPortrait UIInterfaceOrientationLandscapeLeft UIInterfaceOrientationLandscapeRight";
				LD_RUNPATH_SEARCH_PATHS = (
					"$(inherited)",
					"@executable_path/Frameworks",
				);
				MARKETING_VERSION = 1.0;
				PRODUCT_BUNDLE_IDENTIFIER = "kr.co.test.findCyphers-SwiftUI";
				PRODUCT_NAME = "$(TARGET_NAME)";
				SWIFT_EMIT_LOC_STRINGS = YES;
				SWIFT_VERSION = 5.0;
				TARGETED_DEVICE_FAMILY = "1,2";
			};
			name = Debug;
		};
		749BE2DB280D26C00060FB61 /* Release */ = {
			isa = XCBuildConfiguration;
			baseConfigurationReference = 8A756CD7764F38832A77AB4E /* Pods-findCyphers_SwiftUI.release.xcconfig */;
			buildSettings = {
				ASSETCATALOG_COMPILER_APPICON_NAME = AppIcon;
				ASSETCATALOG_COMPILER_GLOBAL_ACCENT_COLOR_NAME = AccentColor;
				CODE_SIGN_STYLE = Automatic;
				CURRENT_PROJECT_VERSION = 1;
				DEVELOPMENT_ASSET_PATHS = "\"findCyphers_SwiftUI/Preview Content\"";
				DEVELOPMENT_TEAM = H4MSW7FUBB;
				ENABLE_PREVIEWS = YES;
				GENERATE_INFOPLIST_FILE = YES;
				INFOPLIST_FILE = "findCyphers-SwiftUI-Info.plist";
				INFOPLIST_KEY_UIApplicationSceneManifest_Generation = YES;
				INFOPLIST_KEY_UIApplicationSupportsIndirectInputEvents = YES;
				INFOPLIST_KEY_UILaunchScreen_Generation = YES;
				INFOPLIST_KEY_UISupportedInterfaceOrientations_iPad = "UIInterfaceOrientationPortrait UIInterfaceOrientationPortraitUpsideDown UIInterfaceOrientationLandscapeLeft UIInterfaceOrientationLandscapeRight";
				INFOPLIST_KEY_UISupportedInterfaceOrientations_iPhone = "UIInterfaceOrientationPortrait UIInterfaceOrientationLandscapeLeft UIInterfaceOrientationLandscapeRight";
				LD_RUNPATH_SEARCH_PATHS = (
					"$(inherited)",
					"@executable_path/Frameworks",
				);
				MARKETING_VERSION = 1.0;
				PRODUCT_BUNDLE_IDENTIFIER = "kr.co.test.findCyphers-SwiftUI";
				PRODUCT_NAME = "$(TARGET_NAME)";
				SWIFT_EMIT_LOC_STRINGS = YES;
				SWIFT_VERSION = 5.0;
				TARGETED_DEVICE_FAMILY = "1,2";
			};
			name = Release;
		};
/* End XCBuildConfiguration section */

/* Begin XCConfigurationList section */
		749BE2C6280D26C00060FB61 /* Build configuration list for PBXProject "findCyphers_SwiftUI" */ = {
			isa = XCConfigurationList;
			buildConfigurations = (
				749BE2D7280D26C00060FB61 /* Debug */,
				749BE2D8280D26C00060FB61 /* Release */,
			);
			defaultConfigurationIsVisible = 0;
			defaultConfigurationName = Release;
		};
		749BE2D9280D26C00060FB61 /* Build configuration list for PBXNativeTarget "findCyphers_SwiftUI" */ = {
			isa = XCConfigurationList;
			buildConfigurations = (
				749BE2DA280D26C00060FB61 /* Debug */,
				749BE2DB280D26C00060FB61 /* Release */,
			);
			defaultConfigurationIsVisible = 0;
			defaultConfigurationName = Release;
		};
/* End XCConfigurationList section */
	};
	rootObject = 749BE2C3280D26C00060FB61 /* Project object */;
}
